{
  "lockfileVersion": 1,
  "configVersion": 1,
  "workspaces": {
    "": {
      "name": "anchor",
      "dependencies": {
        "@node-rs/argon2": "^2.0.2",
        "postgres": "^3.4.7",
      },
      "devDependencies": {
        "@playwright/test": "^1.52.0",
      },
    },
  },
  "packages": {
    "@emnapi/core": ["@emnapi/core@1.10.0", "", { "dependencies": { "@emnapi/wasi-threads": "1.2.1", "tslib": "^2.4.0" } }, "sha512-yq6OkJ4p82CAfPl0u9mQebQHKPJkY7WrIuk205cTYnYe+k2Z8YBh11FrbRG/H6ihirqcacOgl2BIO8oyMQLeXw=="],

    "@emnapi/runtime": ["@emnapi/runtime@1.10.0", "", { "dependencies": { "tslib": "^2.4.0" } }, "sha512-ewvYlk86xUoGI0zQRNq/mC+16R1QeDlKQy21Ki3oSYXNgLb45GV1P6A0M+/s6nyCuNDqe5VpaY84BzXGwVbwFA=="],

    "@emnapi/wasi-threads": ["@emnapi/wasi-threads@1.2.1", "", { "dependencies": { "tslib": "^2.4.0" } }, "sha512-uTII7OYF+/Mes/MrcIOYp5yOtSMLBWSIoLPpcgwipoiKbli6k322tcoFsxoIIxPDqW01SQGAgko4EzZi2BNv2w=="],

    "@napi-rs/wasm-runtime": ["@napi-rs/wasm-runtime@0.2.12", "", { "dependencies": { "@emnapi/core": "^1.4.3", "@emnapi/runtime": "^1.4.3", "@tybys/wasm-util": "^0.10.0" } }, "sha512-ZVWUcfwY4E/yPitQJl481FjFo3K22D6qF0DuFH6Y/nbnE11GY5uguDxZMGXPQ8WQ0128MXQD7TnfHyK4oWoIJQ=="],

    "@node-rs/argon2": ["@node-rs/argon2@2.0.2", "", { "optionalDependencies": { "@node-rs/argon2-android-arm-eabi": "2.0.2", "@node-rs/argon2-android-arm64": "2.0.2", "@node-rs/argon2-darwin-arm64": "2.0.2", "@node-rs/argon2-darwin-x64": "2.0.2", "@node-rs/argon2-freebsd-x64": "2.0.2", "@node-rs/argon2-linux-arm-gnueabihf": "2.0.2", "@node-rs/argon2-linux-arm64-gnu": "2.0.2", "@node-rs/argon2-linux-arm64-musl": "2.0.2", "@node-rs/argon2-linux-x64-gnu": "2.0.2", "@node-rs/argon2-linux-x64-musl": "2.0.2", "@node-rs/argon2-wasm32-wasi": "2.0.2", "@node-rs/argon2-win32-arm64-msvc": "2.0.2", "@node-rs/argon2-win32-ia32-msvc": "2.0.2", "@node-rs/argon2-win32-x64-msvc": "2.0.2" } }, "sha512-t64wIsPEtNd4aUPuTAyeL2ubxATCBGmeluaKXEMAFk/8w6AJIVVkeLKMBpgLW6LU2t5cQxT+env/c6jxbtTQBg=="],

    "@node-rs/argon2-android-arm-eabi": ["@node-rs/argon2-android-arm-eabi@2.0.2", "", { "os": "android", "cpu": "arm" }, "sha512-DV/H8p/jt40lrao5z5g6nM9dPNPGEHL+aK6Iy/og+dbL503Uj0AHLqj1Hk9aVUSCNnsDdUEKp4TVMi0YakDYKw=="],

    "@node-rs/argon2-android-arm64": ["@node-rs/argon2-android-arm64@2.0.2", "", { "os": "android", "cpu": "arm64" }, "sha512-1LKwskau+8O1ktKx7TbK7jx1oMOMt4YEXZOdSNIar1TQKxm6isZ0cRXgHLibPHEcNHgYRsJWDE9zvDGBB17QDg=="],

    "@node-rs/argon2-darwin-arm64": ["@node-rs/argon2-darwin-arm64@2.0.2", "", { "os": "darwin", "cpu": "arm64" }, "sha512-3TTNL/7wbcpNju5YcqUrCgXnXUSbD7ogeAKatzBVHsbpjZQbNb1NDxDjqqrWoTt6XL3z9mJUMGwbAk7zQltHtA=="],

    "@node-rs/argon2-darwin-x64": ["@node-rs/argon2-darwin-x64@2.0.2", "", { "os": "darwin", "cpu": "x64" }, "sha512-vNPfkLj5Ij5111UTiYuwgxMqE7DRbOS2y58O2DIySzSHbcnu+nipmRKg+P0doRq6eKIJStyBK8dQi5Ic8pFyDw=="],

    "@node-rs/argon2-freebsd-x64": ["@node-rs/argon2-freebsd-x64@2.0.2", "", { "os": "freebsd", "cpu": "x64" }, "sha512-M8vQZk01qojQfCqQU0/O1j1a4zPPrz93zc9fSINY7Q/6RhQRBCYwDw7ltDCZXg5JRGlSaeS8cUXWyhPGar3cGg=="],

    "@node-rs/argon2-linux-arm-gnueabihf": ["@node-rs/argon2-linux-arm-gnueabihf@2.0.2", "", { "os": "linux", "cpu": "arm" }, "sha512-7EmmEPHLzcu0G2GDh30L6G48CH38roFC2dqlQJmtRCxs6no3tTE/pvgBGatTp/o2n2oyOJcfmgndVFcUpwMnww=="],

    "@node-rs/argon2-linux-arm64-gnu": ["@node-rs/argon2-linux-arm64-gnu@2.0.2", "", { "os": "linux", "cpu": "arm64" }, "sha512-6lsYh3Ftbk+HAIZ7wNuRF4SZDtxtFTfK+HYFAQQyW7Ig3LHqasqwfUKRXVSV5tJ+xTnxjqgKzvZSUJCAyIfHew=="],

    "@node-rs/argon2-linux-arm64-musl": ["@node-rs/argon2-linux-arm64-musl@2.0.2", "", { "os": "linux", "cpu": "arm64" }, "sha512-p3YqVMNT/4DNR67tIHTYGbedYmXxW9QlFmF39SkXyEbGQwpgSf6pH457/fyXBIYznTU/smnG9EH+C1uzT5j4hA=="],

    "@node-rs/argon2-linux-x64-gnu": ["@node-rs/argon2-linux-x64-gnu@2.0.2", "", { "os": "linux", "cpu": "x64" }, "sha512-ZM3jrHuJ0dKOhvA80gKJqBpBRmTJTFSo2+xVZR+phQcbAKRlDMSZMFDiKbSTnctkfwNFtjgDdh5g1vaEV04AvA=="],

    "@node-rs/argon2-linux-x64-musl": ["@node-rs/argon2-linux-x64-musl@2.0.2", "", { "os": "linux", "cpu": "x64" }, "sha512-of5uPqk7oCRF/44a89YlWTEfjsftPywyTULwuFDKyD8QtVZoonrJR6ZWvfFE/6jBT68S0okAkAzzMEdBVWdxWw=="],

    "@node-rs/argon2-wasm32-wasi": ["@node-rs/argon2-wasm32-wasi@2.0.2", "", { "dependencies": { "@napi-rs/wasm-runtime": "^0.2.5" }, "cpu": "none" }, "sha512-U3PzLYKSQYzTERstgtHLd4ZTkOF9co57zTXT77r0cVUsleGZOrd6ut7rHzeWwoJSiHOVxxa0OhG1JVQeB7lLoQ=="],

    "@node-rs/argon2-win32-arm64-msvc": ["@node-rs/argon2-win32-arm64-msvc@2.0.2", "", { "os": "win32", "cpu": "arm64" }, "sha512-Eisd7/NM0m23ijrGr6xI2iMocdOuyl6gO27gfMfya4C5BODbUSP7ljKJ7LrA0teqZMdYHesRDzx36Js++/vhiQ=="],

    "@node-rs/argon2-win32-ia32-msvc": ["@node-rs/argon2-win32-ia32-msvc@2.0.2", "", { "os": "win32", "cpu": "ia32" }, "sha512-GsE2ezwAYwh72f9gIjbGTZOf4HxEksb5M2eCaj+Y5rGYVwAdt7C12Q2e9H5LRYxWcFvLH4m4jiSZpQQ4upnPAQ=="],

    "@node-rs/argon2-win32-x64-msvc": ["@node-rs/argon2-win32-x64-msvc@2.0.2", "", { "os": "win32", "cpu": "x64" }, "sha512-cJxWXanH4Ew9CfuZ4IAEiafpOBCe97bzoKowHCGk5lG/7kR4WF/eknnBlHW9m8q7t10mKq75kruPLtbSDqgRTw=="],

    "@playwright/test": ["@playwright/test@1.59.1", "", { "dependencies": { "playwright": "1.59.1" }, "bin": { "playwright": "cli.js" } }, "sha512-PG6q63nQg5c9rIi4/Z5lR5IVF7yU5MqmKaPOe0HSc0O2cX1fPi96sUQu5j7eo4gKCkB2AnNGoWt7y4/Xx3Kcqg=="],

    "@tybys/wasm-util": ["@tybys/wasm-util@0.10.1", "", { "dependencies": { "tslib": "^2.4.0" } }, "sha512-9tTaPJLSiejZKx+Bmog4uSubteqTvFrVrURwkmHixBo0G4seD0zUxp98E1DzUBJxLQ3NPwXrGKDiVjwx/DpPsg=="],

    "fsevents": ["fsevents@2.3.2", "", { "os": "darwin" }, "sha512-xiqMQR4xAeHTuB9uWm+fFRcIOgKBMiOBP+eXiyT7jsgVCq1bkVygt00oASowB7EdtpOHaaPgKt812P9ab+DDKA=="],

    "playwright": ["playwright@1.59.1", "", { "dependencies": { "playwright-core": "1.59.1" }, "optionalDependencies": { "fsevents": "2.3.2" }, "bin": { "playwright": "cli.js" } }, "sha512-C8oWjPR3F81yljW9o5OxcWzfh6avkVwDD2VYdwIGqTkl+OGFISgypqzfu7dOe4QNLL2aqcWBmI3PMtLIK233lw=="],

    "playwright-core": ["playwright-core@1.59.1", "", { "bin": { "playwright-core": "cli.js" } }, "sha512-HBV/RJg81z5BiiZ9yPzIiClYV/QMsDCKUyogwH9p3MCP6IYjUFu/MActgYAvK0oWyV9NlwM3GLBjADyWgydVyg=="],

    "postgres": ["postgres@3.4.9", "", {}, "sha512-GD3qdB0x1z9xgFI6cdRD6xu2Sp2WCOEoe3mtnyB5Ee0XrrL5Pe+e4CCnJrRMnL1zYtRDZmQQVbvOttLnKDLnaw=="],

    "tslib": ["tslib@2.8.1", "", {}, "sha512-oJFu94HQb+KVduSUQL7wnpmqnfmLsOA/nAh6b6EH0wCEoK0/mPeXU6c3wKDV83MkOuHPRHtSXKKU99IBazS/2w=="],
  }
}
